{
  "version": 4,
  "terraform_version": "1.13.5",
  "serial": 4,
  "lineage": "0e06b94d-1cb5-7d8d-0bce-5e82e0e83bdc",
  "outputs": {
    "public_ip": {
      "value": "3.0.19.58",
      "type": "string"
    }
  },
  "resources": [
    {
      "mode": "managed",
      "type": "aws_instance",
      "name": "jarvis_ec2_v2",
      "provider": "provider[\"registry.terraform.io/hashicorp/aws\"]",
      "instances": [
        {
          "schema_version": 2,
          "attributes": {
            "ami": "ami-093a7f5fbae13ff67",
            "arn": "arn:aws:ec2:ap-southeast-1:796973502060:instance/i-09b8c13f9c292a4ed",
            "associate_public_ip_address": true,
            "availability_zone": "ap-southeast-1b",
            "capacity_reservation_specification": [
              {
                "capacity_reservation_preference": "open",
                "capacity_reservation_target": []
              }
            ],
            "cpu_options": [
              {
                "amd_sev_snp": "",
                "core_count": 1,
                "threads_per_core": 1
              }
            ],
            "credit_specification": [
              {
                "cpu_credits": "standard"
              }
            ],
            "disable_api_stop": false,
            "disable_api_termination": false,
            "ebs_block_device": [],
            "ebs_optimized": false,
            "enable_primary_ipv6": null,
            "enclave_options": [
              {
                "enabled": false
              }
            ],
            "ephemeral_block_device": [],
            "force_destroy": false,
            "get_password_data": false,
            "hibernation": false,
            "host_id": "",
            "host_resource_group_arn": null,
            "iam_instance_profile": "",
            "id": "i-09b8c13f9c292a4ed",
            "instance_initiated_shutdown_behavior": "stop",
            "instance_lifecycle": "",
            "instance_market_options": [],
            "instance_state": "running",
            "instance_type": "t2.micro",
            "ipv6_address_count": 0,
            "ipv6_addresses": [],
            "key_name": "jarvis-key-v2",
            "launch_template": [],
            "maintenance_options": [
              {
                "auto_recovery": "default"
              }
            ],
            "metadata_options": [
              {
                "http_endpoint": "enabled",
                "http_protocol_ipv6": "disabled",
                "http_put_response_hop_limit": 2,
                "http_tokens": "required",
                "instance_metadata_tags": "disabled"
              }
            ],
            "monitoring": false,
            "network_interface": [],
            "outpost_arn": "",
            "password_data": "",
            "placement_group": "",
            "placement_group_id": "",
            "placement_partition_number": 0,
            "primary_network_interface": [
              {
                "delete_on_termination": true,
                "network_interface_id": "eni-0f12293b5807aeade"
              }
            ],
            "primary_network_interface_id": "eni-0f12293b5807aeade",
            "private_dns": "ip-172-31-24-47.ap-southeast-1.compute.internal",
            "private_dns_name_options": [
              {
                "enable_resource_name_dns_a_record": false,
                "enable_resource_name_dns_aaaa_record": false,
                "hostname_type": "ip-name"
              }
            ],
            "private_ip": "172.31.24.47",
            "public_dns": "ec2-3-0-19-58.ap-southeast-1.compute.amazonaws.com",
            "public_ip": "3.0.19.58",
            "region": "ap-southeast-1",
            "root_block_device": [
              {
                "delete_on_termination": true,
                "device_name": "/dev/xvda",
                "encrypted": false,
                "iops": 3000,
                "kms_key_id": "",
                "tags": {},
                "tags_all": {},
                "throughput": 125,
                "volume_id": "vol-0bf41ac3cc3c646d2",
                "volume_size": 8,
                "volume_type": "gp3"
              }
            ],
            "secondary_private_ips": [],
            "security_groups": [
              "jarvis-sg-v2"
            ],
            "source_dest_check": true,
            "spot_instance_request_id": "",
            "subnet_id": "subnet-06757589280642cb8",
            "tags": {
              "Name": "Jarvis-EC2-V2"
            },
            "tags_all": {
              "Name": "Jarvis-EC2-V2"
            },
            "tenancy": "default",
            "timeouts": null,
            "user_data": "#!/bin/bash\r\nsudo apt update\r\nsudo apt install -y python3-pip git\r\ncd /home/ubuntu\r\ngit clone https://github.com/payalpachangane/Deploy-Jarvis-Desktop-Voice-Assistant.git\r\ncd Deploy-Jarvis-Desktop-Voice-Assistant\r\npip3 install -r requirements.txt\r\n\r\nsudo bash -c 'cat \u003e /etc/systemd/system/jarvis.service \u003c\u003c EOL\r\n[Unit]\r\nDescription=Jarvis Desktop Voice Assistant\r\nAfter=network.target\r\n\r\n[Service]\r\nUser=ubuntu\r\nWorkingDirectory=/home/ubuntu/Deploy-Jarvis-Desktop-Voice-Assistant\r\nExecStart=/usr/bin/python3 /home/ubuntu/Deploy-Jarvis-Desktop-Voice-Assistant/jarvis.py\r\nRestart=always\r\n\r\n[Install]\r\nWantedBy=multi-user.target\r\nEOL'\r\n\r\nsudo systemctl daemon-reload\r\nsudo systemctl enable jarvis.service\r\nsudo systemctl start jarvis.service\r\n",
            "user_data_base64": null,
            "user_data_replace_on_change": false,
            "volume_tags": null,
            "vpc_security_group_ids": [
              "sg-0a163e870acceb519"
            ]
          },
          "sensitive_attributes": [],
          "identity_schema_version": 0,
          "identity": {
            "account_id": "796973502060",
            "id": "i-09b8c13f9c292a4ed",
            "region": "ap-southeast-1"
          },
          "private": "eyJlMmJmYjczMC1lY2FhLTExZTYtOGY4OC0zNDM2M2JjN2M0YzAiOnsiY3JlYXRlIjo2MDAwMDAwMDAwMDAsImRlbGV0ZSI6MTIwMDAwMDAwMDAwMCwicmVhZCI6OTAwMDAwMDAwMDAwLCJ1cGRhdGUiOjYwMDAwMDAwMDAwMH0sInNjaGVtYV92ZXJzaW9uIjoiMiJ9",
          "dependencies": [
            "aws_key_pair.jarvis_key_v2",
            "aws_security_group.jarvis_sg_v2"
          ]
        }
      ]
    },
    {
      "mode": "managed",
      "type": "aws_key_pair",
      "name": "jarvis_key_v2",
      "provider": "provider[\"registry.terraform.io/hashicorp/aws\"]",
      "instances": [
        {
          "schema_version": 1,
          "attributes": {
            "arn": "arn:aws:ec2:ap-southeast-1:796973502060:key-pair/jarvis-key-v2",
            "fingerprint": "80:bb:5b:e5:a0:1e:a1:ec:22:5e:ff:68:fe:70:28:58",
            "id": "jarvis-key-v2",
            "key_name": "jarvis-key-v2",
            "key_name_prefix": "",
            "key_pair_id": "key-00651e0677c1b387b",
            "key_type": "rsa",
            "public_key": "ssh-rsa AAAAB3NzaC1yc2EAAAADAQABAAACAQC5P69kgatIU2FN25jynwghPBEfJl+XOPXou/+Hc95UY0uUFTZgLfoiddnjlUG2OQMtBK5VoTMC7RRKGYKgDi9ykhGtvBvVR+O9+fZn8gu9kmRXYP53xJeBVGE0LKJZKg86lKb3ImEjM4OK9KLRQK0RzwNmAKQbSQmrz4eNz5d9WCxe1u3+hYeWCfQRzhlNUBPfSofp1QeCRPz9UmXNa6swoWGVUCIAHBFQesEItSHo5TFO8bQbo8yFWcCLwVmAYS6n1N6c7T5VMNH+LB5qwVyx0msAAGG4j9UpbAyA0fjjczLNJcOWXqTHUOYaC2uibf3L9G4aZB+zAg7IY14VQk8VgKxilw7Rfv+SnBquUB5Hjd/a1+BYUP//N1OKnTMUPeI92tc/NWpGWaqmZc0OWbRzoDPX9XMHD9spM1PhLtmny0HUXYa8iSw96Yw8b+JCp6xWDHBEIapFO4dqOeB0M5NAibZp0tqJSeh+mKN28qPwKebp/P8LExM6k+eh8i9KI234pDhV1Mp2m3xGdXye814XAF/yiWeznei8jWVW9RNszXGHJldQHmBgFzrLalJ/Wf5qagsk3CL6qyZkH27uykO65yDribHCqd5C9kXu6SdNP7nEGDtkXpV0uDkHmkniqdjJhXPChHvyEJP9nJm9RHRAR/SxhfCC9L/l9PddCOjCTw== payal@HP",
            "region": "ap-southeast-1",
            "tags": null,
            "tags_all": {}
          },
          "sensitive_attributes": [],
          "identity_schema_version": 0,
          "private": "eyJzY2hlbWFfdmVyc2lvbiI6IjEifQ=="
        }
      ]
    },
    {
      "mode": "managed",
      "type": "aws_security_group",
      "name": "jarvis_sg_v2",
      "provider": "provider[\"registry.terraform.io/hashicorp/aws\"]",
      "instances": [
        {
          "schema_version": 1,
          "attributes": {
            "arn": "arn:aws:ec2:ap-southeast-1:796973502060:security-group/sg-0a163e870acceb519",
            "description": "Managed by Terraform",
            "egress": [
              {
                "cidr_blocks": [
                  "0.0.0.0/0"
                ],
                "description": "",
                "from_port": 0,
                "ipv6_cidr_blocks": [],
                "prefix_list_ids": [],
                "protocol": "-1",
                "security_groups": [],
                "self": false,
                "to_port": 0
              }
            ],
            "id": "sg-0a163e870acceb519",
            "ingress": [
              {
                "cidr_blocks": [
                  "0.0.0.0/0"
                ],
                "description": "",
                "from_port": 22,
                "ipv6_cidr_blocks": [],
                "prefix_list_ids": [],
                "protocol": "tcp",
                "security_groups": [],
                "self": false,
                "to_port": 22
              },
              {
                "cidr_blocks": [
                  "0.0.0.0/0"
                ],
                "description": "",
                "from_port": 5000,
                "ipv6_cidr_blocks": [],
                "prefix_list_ids": [],
                "protocol": "tcp",
                "security_groups": [],
                "self": false,
                "to_port": 5000
              }
            ],
            "name": "jarvis-sg-v2",
            "name_prefix": "",
            "owner_id": "796973502060",
            "region": "ap-southeast-1",
            "revoke_rules_on_delete": false,
            "tags": null,
            "tags_all": {},
            "timeouts": null,
            "vpc_id": "vpc-01b1388985ed289a9"
          },
          "sensitive_attributes": [],
          "identity_schema_version": 0,
          "identity": {
            "account_id": "796973502060",
            "id": "sg-0a163e870acceb519",
            "region": "ap-southeast-1"
          },
          "private": "eyJlMmJmYjczMC1lY2FhLTExZTYtOGY4OC0zNDM2M2JjN2M0YzAiOnsiY3JlYXRlIjo2MDAwMDAwMDAwMDAsImRlbGV0ZSI6OTAwMDAwMDAwMDAwfSwic2NoZW1hX3ZlcnNpb24iOiIxIn0="
        }
      ]
    }
  ],
  "check_results": null
}
